
Microsoft Visual Studio Solution File, Format Version 12.00
# Visual Studio Version 17
VisualStudioVersion = 17.14.36518.9 d17.14
MinimumVisualStudioVersion = 10.0.40219.1
Project("{FAE04EC0-301F-11D3-BF4B-00C04F79EFBC}") = "StudentPortalWASM", "StudentPortalWASM\StudentPortalWASM.csproj", "{7BD65946-E873-46CE-B666-05BC8E2CF4C1}"
EndProject
Global
	GlobalSection(SolutionConfigurationPlatforms) = preSolution
		Debug|Any CPU = Debug|Any CPU
		Release|Any CPU = Release|Any CPU
	EndGlobalSection
	GlobalSection(ProjectConfigurationPlatforms) = postSolution
		{7BD65946-E873-46CE-B666-05BC8E2CF4C1}.Debug|Any CPU.ActiveCfg = Debug|Any CPU
		{7BD65946-E873-46CE-B666-05BC8E2CF4C1}.Debug|Any CPU.Build.0 = Debug|Any CPU
		{7BD65946-E873-46CE-B666-05BC8E2CF4C1}.Release|Any CPU.ActiveCfg = Release|Any CPU
		{7BD65946-E873-46CE-B666-05BC8E2CF4C1}.Release|Any CPU.Build.0 = Release|Any CPU
	EndGlobalSection
	GlobalSection(SolutionProperties) = preSolution
		HideSolutionNode = FALSE
	EndGlobalSection
	GlobalSection(ExtensibilityGlobals) = postSolution
		SolutionGuid = {95A3CAAA-A3A2-4DCF-9ED5-0922C2BEF165}
	EndGlobalSection
EndGlobal
